
Microsoft Visual Studio Solution File, Format Version 12.00
# Visual Studio Version 16
VisualStudioVersion = 16.0.31702.278
MinimumVisualStudioVersion = 10.0.40219.1
Project("{9A19103F-16F7-4668-BE54-9A1E7A4F7556}") = "Pri.Oe.WebApi.Music.Api", "Pri.WebApi.Music.Api\Pri.Oe.WebApi.Music.Api.csproj", "{0E7059F5-9796-4A4D-9155-012207C11A78}"
EndProject
Project("{FAE04EC0-301F-11D3-BF4B-00C04F79EFBC}") = "Pri.WebApi.Music.Core", "Pri.WebApi.Music.Core\Pri.WebApi.Music.Core.csproj", "{D3732169-B79B-4897-9804-6CCA00F4501C}"
EndProject
Project("{FAE04EC0-301F-11D3-BF4B-00C04F79EFBC}") = "Pri.WebApi.Music.Infrastructure", "Pri.WebApi.Music.Infrastructure\Pri.WebApi.Music.Infrastructure.csproj", "{28608C35-614B-44CA-9FE1-7E7FF64D47A7}"
EndProject
Global
	GlobalSection(SolutionConfigurationPlatforms) = preSolution
		Debug|Any CPU = Debug|Any CPU
		Release|Any CPU = Release|Any CPU
	EndGlobalSection
	GlobalSection(ProjectConfigurationPlatforms) = postSolution
		{0E7059F5-9796-4A4D-9155-012207C11A78}.Debug|Any CPU.ActiveCfg = Debug|Any CPU
		{0E7059F5-9796-4A4D-9155-012207C11A78}.Debug|Any CPU.Build.0 = Debug|Any CPU
		{0E7059F5-9796-4A4D-9155-012207C11A78}.Release|Any CPU.ActiveCfg = Release|Any CPU
		{0E7059F5-9796-4A4D-9155-012207C11A78}.Release|Any CPU.Build.0 = Release|Any CPU
		{D3732169-B79B-4897-9804-6CCA00F4501C}.Debug|Any CPU.ActiveCfg = Debug|Any CPU
		{D3732169-B79B-4897-9804-6CCA00F4501C}.Debug|Any CPU.Build.0 = Debug|Any CPU
		{D3732169-B79B-4897-9804-6CCA00F4501C}.Release|Any CPU.ActiveCfg = Release|Any CPU
		{D3732169-B79B-4897-9804-6CCA00F4501C}.Release|Any CPU.Build.0 = Release|Any CPU
		{28608C35-614B-44CA-9FE1-7E7FF64D47A7}.Debug|Any CPU.ActiveCfg = Debug|Any CPU
		{28608C35-614B-44CA-9FE1-7E7FF64D47A7}.Debug|Any CPU.Build.0 = Debug|Any CPU
		{28608C35-614B-44CA-9FE1-7E7FF64D47A7}.Release|Any CPU.ActiveCfg = Release|Any CPU
		{28608C35-614B-44CA-9FE1-7E7FF64D47A7}.Release|Any CPU.Build.0 = Release|Any CPU
	EndGlobalSection
	GlobalSection(SolutionProperties) = preSolution
		HideSolutionNode = FALSE
	EndGlobalSection
	GlobalSection(ExtensibilityGlobals) = postSolution
		SolutionGuid = {9BEF6789-1E71-42BA-8C06-74CF1051502A}
	EndGlobalSection
EndGlobal
